
Microsoft Visual Studio Solution File, Format Version 12.00
# Visual Studio 2013
VisualStudioVersion = 12.0.21005.1
MinimumVisualStudioVersion = 10.0.40219.1
Project("{8BC9CEB8-8B4A-11D0-8D11-00A0C91BC942}") = "TouchCone", "TouchCone\TouchCone.vcxproj", "{ACE5311E-0963-4285-B9B7-8D44EC2B8679}"
EndProject
Project("{8BC9CEB8-8B4A-11D0-8D11-00A0C91BC942}") = "HelloCone", "HelloCone\HelloCone.vcxproj", "{9C9ECC0F-4D54-417D-8B60-24E913E8C363}"
EndProject
Project("{8BC9CEB8-8B4A-11D0-8D11-00A0C91BC942}") = "glcore", "glcore\glcore.vcxproj", "{BC28E7F6-E6FD-4CE8-B3E6-752DB9F93916}"
EndProject
Global
	GlobalSection(SolutionConfigurationPlatforms) = preSolution
		Debug|Win32 = Debug|Win32
		Release|Win32 = Release|Win32
	EndGlobalSection
	GlobalSection(ProjectConfigurationPlatforms) = postSolution
		{ACE5311E-0963-4285-B9B7-8D44EC2B8679}.Debug|Win32.ActiveCfg = Debug|Win32
		{ACE5311E-0963-4285-B9B7-8D44EC2B8679}.Debug|Win32.Build.0 = Debug|Win32
		{ACE5311E-0963-4285-B9B7-8D44EC2B8679}.Release|Win32.ActiveCfg = Release|Win32
		{ACE5311E-0963-4285-B9B7-8D44EC2B8679}.Release|Win32.Build.0 = Release|Win32
		{9C9ECC0F-4D54-417D-8B60-24E913E8C363}.Debug|Win32.ActiveCfg = Debug|Win32
		{9C9ECC0F-4D54-417D-8B60-24E913E8C363}.Debug|Win32.Build.0 = Debug|Win32
		{9C9ECC0F-4D54-417D-8B60-24E913E8C363}.Release|Win32.ActiveCfg = Release|Win32
		{9C9ECC0F-4D54-417D-8B60-24E913E8C363}.Release|Win32.Build.0 = Release|Win32
		{BC28E7F6-E6FD-4CE8-B3E6-752DB9F93916}.Debug|Win32.ActiveCfg = Debug|Win32
		{BC28E7F6-E6FD-4CE8-B3E6-752DB9F93916}.Debug|Win32.Build.0 = Debug|Win32
		{BC28E7F6-E6FD-4CE8-B3E6-752DB9F93916}.Release|Win32.ActiveCfg = Release|Win32
		{BC28E7F6-E6FD-4CE8-B3E6-752DB9F93916}.Release|Win32.Build.0 = Release|Win32
	EndGlobalSection
	GlobalSection(SolutionProperties) = preSolution
		HideSolutionNode = FALSE
	EndGlobalSection
EndGlobal
