<?xml version="1.0" encoding="utf-8"?>
<Project ToolsVersion="4.0" xmlns="http://schemas.microsoft.com/developer/msbuild/2003">
  <ItemGroup>
    <ClCompile Include="main.cpp" />
    <ClCompile Include="Classes\Lighting.cpp">
      <Filter>Classes</Filter>
    </ClCompile>
    <ClCompile Include="Classes\ObjSurface.cpp" />
  </ItemGroup>
  <ItemGroup>
    <Filter Include="Classes">
      <UniqueIdentifier>{14703882-920c-4058-bc4e-717b20078a96}</UniqueIdentifier>
    </Filter>
  </ItemGroup>
  <ItemGroup>
    <ClInclude Include="Classes\Lighting.h">
      <Filter>Classes</Filter>
    </ClInclude>
    <ClInclude Include="Classes\ObjSurface.h" />
  </ItemGroup>
</Project>